{
    "hash": "83ce007495535ae9f21fee68e73ccfc6",
    "packages": [
        {
            "name": "doctrine/common",
            "version": "2.3.x-dev",
            "source": {
                "type": "git",
                "url": "https://github.com/doctrine/common",
                "reference": "bb0aebbf234db52df476a2b473d434745b34221c"
            },
            "dist": {
                "type": "zip",
                "url": "https://github.com/doctrine/common/zipball/bb0aebbf234db52df476a2b473d434745b34221c",
                "reference": "bb0aebbf234db52df476a2b473d434745b34221c",
                "shasum": ""
            },
            "require": {
                "php": ">=5.3.2"
            },
            "time": "1348120518",
            "type": "library",
            "extra": {
                "branch-alias": {
                    "dev-master": "2.3.x-dev"
                }
            },
            "installation-source": "source",
            "autoload": {
                "psr-0": {
                    "Doctrine\\Common": "lib/"
                }
            },
            "license": [
                "MIT"
            ],
            "authors": [
                {
                    "name": "Jonathan Wage",
                    "email": "jonwage@gmail.com",
                    "homepage": "http://www.jwage.com/"
                },
                {
                    "name": "Guilherme Blanco",
                    "email": "guilhermeblanco@gmail.com",
                    "homepage": "http://www.instaclick.com"
                },
                {
                    "name": "Roman Borschel",
                    "email": "roman@code-factory.org"
                },
                {
                    "name": "Benjamin Eberlei",
                    "email": "kontakt@beberlei.de"
                },
                {
                    "name": "Johannes Schmitt",
                    "email": "schmittjoh@gmail.com",
                    "homepage": "https://github.com/schmittjoh",
                    "role": "Developer of wrapped JMSSerializerBundle"
                }
            ],
            "description": "Common Library for Doctrine projects",
            "homepage": "http://www.doctrine-project.org",
            "keywords": [
                "collections",
                "spl",
                "eventmanager",
                "annotations",
                "persistence"
            ]
        },
        {
            "name": "doctrine/dbal",
            "version": "2.3.x-dev",
            "source": {
                "type": "git",
                "url": "https://github.com/doctrine/dbal",
                "reference": "219d96a1592e9e23087eb6861b4f8233d06c6463"
            },
            "dist": {
                "type": "zip",
                "url": "https://github.com/doctrine/dbal/zipball/219d96a1592e9e23087eb6861b4f8233d06c6463",
                "reference": "219d96a1592e9e23087eb6861b4f8233d06c6463",
                "shasum": ""
            },
            "require": {
                "php": ">=5.3.2",
                "doctrine/common": "2.3.*"
            },
            "time": "1349518912",
            "type": "library",
            "extra": {
                "branch-alias": {
                    "dev-master": "2.3.x-dev"
                }
            },
            "installation-source": "source",
            "autoload": {
                "psr-0": {
                    "Doctrine\\DBAL": "lib/"
                }
            },
            "license": [
                "MIT"
            ],
            "authors": [
                {
                    "name": "Jonathan Wage",
                    "email": "jonwage@gmail.com",
                    "homepage": "http://www.jwage.com/"
                },
                {
                    "name": "Guilherme Blanco",
                    "email": "guilhermeblanco@gmail.com",
                    "homepage": "http://www.instaclick.com"
                },
                {
                    "name": "Roman Borschel",
                    "email": "roman@code-factory.org"
                },
                {
                    "name": "Benjamin Eberlei",
                    "email": "kontakt@beberlei.de"
                }
            ],
            "description": "Database Abstraction Layer",
            "homepage": "http://www.doctrine-project.org",
            "keywords": [
                "database",
                "persistence",
                "dbal",
                "queryobject"
            ]
        },
        {
            "name": "doctrine/orm",
            "version": "2.3.x-dev",
            "source": {
                "type": "git",
                "url": "git://github.com/doctrine/doctrine2.git",
                "reference": "6bad0109599348c5216df35f62b80a20ba16c507"
            },
            "dist": {
                "type": "zip",
                "url": "https://github.com/doctrine/doctrine2/zipball/6bad0109599348c5216df35f62b80a20ba16c507",
                "reference": "6bad0109599348c5216df35f62b80a20ba16c507",
                "shasum": ""
            },
            "require": {
                "php": ">=5.3.2",
                "ext-pdo": "*",
                "symfony/console": "2.*",
                "doctrine/dbal": "2.3.*"
            },
            "suggest": {
                "symfony/yaml": "If you want to use YAML Metadata Mapping Driver"
            },
            "time": "1350071385",
            "bin": [
                "bin/doctrine",
                "bin/doctrine.php"
            ],
            "type": "library",
            "extra": {
                "branch-alias": {
                    "dev-master": "2.3.x-dev"
                }
            },
            "installation-source": "source",
            "autoload": {
                "psr-0": {
                    "Doctrine\\ORM": "lib/"
                }
            },
            "license": [
                "MIT"
            ],
            "authors": [
                {
                    "name": "Jonathan Wage",
                    "email": "jonwage@gmail.com",
                    "homepage": "http://www.jwage.com/"
                },
                {
                    "name": "Guilherme Blanco",
                    "email": "guilhermeblanco@gmail.com",
                    "homepage": "http://www.instaclick.com"
                },
                {
                    "name": "Roman Borschel",
                    "email": "roman@code-factory.org"
                },
                {
                    "name": "Benjamin Eberlei",
                    "email": "kontakt@beberlei.de"
                }
            ],
            "description": "Object-Relational-Mapper for PHP",
            "homepage": "http://www.doctrine-project.org",
            "keywords": [
                "database",
                "orm"
            ]
        },
        {
            "name": "symfony/config",
            "version": "dev-master",
            "target-dir": "Symfony/Component/Config",
            "source": {
                "type": "git",
                "url": "https://github.com/symfony/Config",
                "reference": "dbfadc6995574df68ad9b6c7e56a68b4bd9d0fa3"
            },
            "dist": {
                "type": "zip",
                "url": "https://github.com/symfony/Config/zipball/dbfadc6995574df68ad9b6c7e56a68b4bd9d0fa3",
                "reference": "dbfadc6995574df68ad9b6c7e56a68b4bd9d0fa3",
                "shasum": ""
            },
            "require": {
                "php": ">=5.3.3"
            },
            "time": "1349553479",
            "type": "library",
            "extra": {
                "branch-alias": {
                    "dev-master": "2.2-dev"
                }
            },
            "installation-source": "source",
            "autoload": {
                "psr-0": {
                    "Symfony\\Component\\Config\\": ""
                }
            },
            "license": [
                "MIT"
            ],
            "authors": [
                {
                    "name": "Fabien Potencier",
                    "email": "fabien@symfony.com"
                },
                {
                    "name": "Symfony Community",
                    "homepage": "http://symfony.com/contributors"
                }
            ],
            "description": "Symfony Config Component",
            "homepage": "http://symfony.com"
        },
        {
            "name": "symfony/console",
            "version": "dev-master",
            "target-dir": "Symfony/Component/Console",
            "source": {
                "type": "git",
                "url": "https://github.com/symfony/Console",
                "reference": "3eeaa72d00ff5e070917a18308fa59e6eacd1972"
            },
            "dist": {
                "type": "zip",
                "url": "https://github.com/symfony/Console/zipball/3eeaa72d00ff5e070917a18308fa59e6eacd1972",
                "reference": "3eeaa72d00ff5e070917a18308fa59e6eacd1972",
                "shasum": ""
            },
            "require": {
                "php": ">=5.3.3"
            },
            "time": "1349709466",
            "type": "library",
            "extra": {
                "branch-alias": {
                    "dev-master": "2.2-dev"
                }
            },
            "installation-source": "source",
            "autoload": {
                "psr-0": {
                    "Symfony\\Component\\Console\\": ""
                }
            },
            "license": [
                "MIT"
            ],
            "authors": [
                {
                    "name": "Fabien Potencier",
                    "email": "fabien@symfony.com"
                },
                {
                    "name": "Symfony Community",
                    "homepage": "http://symfony.com/contributors"
                }
            ],
            "description": "Symfony Console Component",
            "homepage": "http://symfony.com"
        },
        {
            "name": "symfony/dependency-injection",
            "version": "dev-master",
            "target-dir": "Symfony/Component/DependencyInjection",
            "source": {
                "type": "git",
                "url": "https://github.com/symfony/DependencyInjection",
                "reference": "03cb66c39c6db43459b351472b36e265dc70d9ad"
            },
            "dist": {
                "type": "zip",
                "url": "https://github.com/symfony/DependencyInjection/zipball/03cb66c39c6db43459b351472b36e265dc70d9ad",
                "reference": "03cb66c39c6db43459b351472b36e265dc70d9ad",
                "shasum": ""
            },
            "require": {
                "php": ">=5.3.3"
            },
            "require-dev": {
                "symfony/yaml": "2.2.*",
                "symfony/config": "2.2.*"
            },
            "suggest": {
                "symfony/yaml": "2.2.*",
                "symfony/config": "2.2.*"
            },
            "time": "1349553479",
            "type": "library",
            "extra": {
                "branch-alias": {
                    "dev-master": "2.2-dev"
                }
            },
            "installation-source": "source",
            "autoload": {
                "psr-0": {
                    "Symfony\\Component\\DependencyInjection\\": ""
                }
            },
            "license": [
                "MIT"
            ],
            "authors": [
                {
                    "name": "Fabien Potencier",
                    "email": "fabien@symfony.com"
                },
                {
                    "name": "Symfony Community",
                    "homepage": "http://symfony.com/contributors"
                }
            ],
            "description": "Symfony DependencyInjection Component",
            "homepage": "http://symfony.com"
        },
        {
            "name": "symfony/event-dispatcher",
            "version": "dev-master",
            "target-dir": "Symfony/Component/EventDispatcher",
            "source": {
                "type": "git",
                "url": "https://github.com/symfony/EventDispatcher",
                "reference": "24a1039d52b6b9f533cb73dcb96c7748262db686"
            },
            "dist": {
                "type": "zip",
                "url": "https://github.com/symfony/EventDispatcher/zipball/24a1039d52b6b9f533cb73dcb96c7748262db686",
                "reference": "24a1039d52b6b9f533cb73dcb96c7748262db686",
                "shasum": ""
            },
            "require": {
                "php": ">=5.3.3"
            },
            "require-dev": {
                "symfony/dependency-injection": "2.2.*"
            },
            "suggest": {
                "symfony/dependency-injection": "2.2.*",
                "symfony/http-kernel": "2.2.*"
            },
            "time": "1349553479",
            "type": "library",
            "extra": {
                "branch-alias": {
                    "dev-master": "2.2-dev"
                }
            },
            "installation-source": "source",
            "autoload": {
                "psr-0": {
                    "Symfony\\Component\\EventDispatcher\\": ""
                }
            },
            "license": [
                "MIT"
            ],
            "authors": [
                {
                    "name": "Fabien Potencier",
                    "email": "fabien@symfony.com"
                },
                {
                    "name": "Symfony Community",
                    "homepage": "http://symfony.com/contributors"
                }
            ],
            "description": "Symfony EventDispatcher Component",
            "homepage": "http://symfony.com"
        },
        {
            "name": "symfony/filesystem",
            "version": "dev-master",
            "target-dir": "Symfony/Component/Filesystem",
            "source": {
                "type": "git",
                "url": "https://github.com/symfony/Filesystem",
                "reference": "5272b50e20a737fd8e9eeb0310d1ce3230b0308c"
            },
            "dist": {
                "type": "zip",
                "url": "https://github.com/symfony/Filesystem/zipball/5272b50e20a737fd8e9eeb0310d1ce3230b0308c",
                "reference": "5272b50e20a737fd8e9eeb0310d1ce3230b0308c",
                "shasum": ""
            },
            "require": {
                "php": ">=5.3.3"
            },
            "time": "1349553479",
            "type": "library",
            "extra": {
                "branch-alias": {
                    "dev-master": "2.2-dev"
                }
            },
            "installation-source": "source",
            "autoload": {
                "psr-0": {
                    "Symfony\\Component\\Filesystem\\": ""
                }
            },
            "license": [
                "MIT"
            ],
            "authors": [
                {
                    "name": "Fabien Potencier",
                    "email": "fabien@symfony.com"
                },
                {
                    "name": "Symfony Community",
                    "homepage": "http://symfony.com/contributors"
                }
            ],
            "description": "Symfony Filesystem Component",
            "homepage": "http://symfony.com"
        },
        {
            "name": "symfony/form",
            "version": "dev-master",
            "target-dir": "Symfony/Component/Form",
            "source": {
                "type": "git",
                "url": "https://github.com/symfony/Form",
                "reference": "1267526384e80112ffe1702928426ab4402a35a0"
            },
            "dist": {
                "type": "zip",
                "url": "https://github.com/symfony/Form/zipball/1267526384e80112ffe1702928426ab4402a35a0",
                "reference": "1267526384e80112ffe1702928426ab4402a35a0",
                "shasum": ""
            },
            "require": {
                "php": ">=5.3.3",
                "symfony/event-dispatcher": "2.2.*",
                "symfony/locale": "2.2.*",
                "symfony/options-resolver": "2.2.*"
            },
            "require-dev": {
                "symfony/validator": "2.2.*",
                "symfony/http-foundation": "2.2.*"
            },
            "suggest": {
                "symfony/validator": "2.2.*",
                "symfony/http-foundation": "2.2.*"
            },
            "time": "1349936926",
            "type": "library",
            "extra": {
                "branch-alias": {
                    "dev-master": "2.2-dev"
                }
            },
            "installation-source": "source",
            "autoload": {
                "psr-0": {
                    "Symfony\\Component\\Form\\": ""
                }
            },
            "license": [
                "MIT"
            ],
            "authors": [
                {
                    "name": "Fabien Potencier",
                    "email": "fabien@symfony.com"
                },
                {
                    "name": "Symfony Community",
                    "homepage": "http://symfony.com/contributors"
                }
            ],
            "description": "Symfony Form Component",
            "homepage": "http://symfony.com"
        },
        {
            "name": "symfony/framework-bundle",
            "version": "dev-master",
            "target-dir": "Symfony/Bundle/FrameworkBundle",
            "source": {
                "type": "git",
                "url": "https://github.com/symfony/FrameworkBundle",
                "reference": "65e775cd868b9edcab6a0169dabdffad4d260c4b"
            },
            "dist": {
                "type": "zip",
                "url": "https://github.com/symfony/FrameworkBundle/zipball/65e775cd868b9edcab6a0169dabdffad4d260c4b",
                "reference": "65e775cd868b9edcab6a0169dabdffad4d260c4b",
                "shasum": ""
            },
            "require": {
                "doctrine/common": ">=2.2,<2.4-dev",
                "php": ">=5.3.3",
                "symfony/dependency-injection": "2.2.*",
                "symfony/config": "2.2.*",
                "symfony/event-dispatcher": "2.2.*",
                "symfony/http-kernel": "2.2.*",
                "symfony/filesystem": "2.2.*",
                "symfony/routing": "2.2.*",
                "symfony/templating": "2.2.*",
                "symfony/translation": "2.2.*"
            },
            "require-dev": {
                "symfony/finder": "2.2.*"
            },
            "suggest": {
                "symfony/console": "2.2.*",
                "symfony/finder": "2.2.*",
                "symfony/form": "2.2.*",
                "symfony/validator": "2.2.*"
            },
            "time": "1349832419",
            "type": "symfony-bundle",
            "extra": {
                "branch-alias": {
                    "dev-master": "2.2-dev"
                }
            },
            "installation-source": "source",
            "autoload": {
                "psr-0": {
                    "Symfony\\Bundle\\FrameworkBundle\\": ""
                }
            },
            "license": [
                "MIT"
            ],
            "authors": [
                {
                    "name": "Fabien Potencier",
                    "email": "fabien@symfony.com"
                },
                {
                    "name": "Symfony Community",
                    "homepage": "http://symfony.com/contributors"
                }
            ],
            "description": "Symfony FrameworkBundle",
            "homepage": "http://symfony.com"
        },
        {
            "name": "symfony/http-foundation",
            "version": "dev-master",
            "target-dir": "Symfony/Component/HttpFoundation",
            "source": {
                "type": "git",
                "url": "https://github.com/symfony/HttpFoundation",
                "reference": "f01f68eaf5c5bb2dfa24ec68734c1e01ac1d940d"
            },
            "dist": {
                "type": "zip",
                "url": "https://github.com/symfony/HttpFoundation/zipball/f01f68eaf5c5bb2dfa24ec68734c1e01ac1d940d",
                "reference": "f01f68eaf5c5bb2dfa24ec68734c1e01ac1d940d",
                "shasum": ""
            },
            "require": {
                "php": ">=5.3.3"
            },
            "time": "1349553479",
            "type": "library",
            "extra": {
                "branch-alias": {
                    "dev-master": "2.2-dev"
                }
            },
            "installation-source": "source",
            "autoload": {
                "psr-0": {
                    "Symfony\\Component\\HttpFoundation\\": ""
                },
                "classmap": [
                    "Symfony/Component/HttpFoundation/Resources/stubs"
                ]
            },
            "license": [
                "MIT"
            ],
            "authors": [
                {
                    "name": "Fabien Potencier",
                    "email": "fabien@symfony.com"
                },
                {
                    "name": "Symfony Community",
                    "homepage": "http://symfony.com/contributors"
                }
            ],
            "description": "Symfony HttpFoundation Component",
            "homepage": "http://symfony.com"
        },
        {
            "name": "symfony/http-kernel",
            "version": "dev-master",
            "target-dir": "Symfony/Component/HttpKernel",
            "source": {
                "type": "git",
                "url": "https://github.com/symfony/HttpKernel",
                "reference": "59447fdde2f198c217659565e687ab702f5817c3"
            },
            "dist": {
                "type": "zip",
                "url": "https://github.com/symfony/HttpKernel/zipball/59447fdde2f198c217659565e687ab702f5817c3",
                "reference": "59447fdde2f198c217659565e687ab702f5817c3",
                "shasum": ""
            },
            "require": {
                "php": ">=5.3.3",
                "symfony/event-dispatcher": "2.2.*",
                "symfony/http-foundation": "2.2.*"
            },
            "require-dev": {
                "symfony/browser-kit": "2.2.*",
                "symfony/class-loader": "2.2.*",
                "symfony/config": "2.2.*",
                "symfony/console": "2.2.*",
                "symfony/dependency-injection": "2.2.*",
                "symfony/finder": "2.2.*",
                "symfony/process": "2.2.*",
                "symfony/routing": "2.2.*"
            },
            "suggest": {
                "symfony/browser-kit": "2.2.*",
                "symfony/class-loader": "2.2.*",
                "symfony/config": "2.2.*",
                "symfony/console": "2.2.*",
                "symfony/dependency-injection": "2.2.*",
                "symfony/finder": "2.2.*"
            },
            "time": "1349553479",
            "type": "library",
            "extra": {
                "branch-alias": {
                    "dev-master": "2.2-dev"
                }
            },
            "installation-source": "source",
            "autoload": {
                "psr-0": {
                    "Symfony\\Component\\HttpKernel\\": ""
                }
            },
            "license": [
                "MIT"
            ],
            "authors": [
                {
                    "name": "Fabien Potencier",
                    "email": "fabien@symfony.com"
                },
                {
                    "name": "Symfony Community",
                    "homepage": "http://symfony.com/contributors"
                }
            ],
            "description": "Symfony HttpKernel Component",
            "homepage": "http://symfony.com"
        },
        {
            "name": "symfony/locale",
            "version": "dev-master",
            "target-dir": "Symfony/Component/Locale",
            "source": {
                "type": "git",
                "url": "https://github.com/symfony/Locale",
                "reference": "91db6207b401f143077131b564bee756d5182cca"
            },
            "dist": {
                "type": "zip",
                "url": "https://github.com/symfony/Locale/zipball/91db6207b401f143077131b564bee756d5182cca",
                "reference": "91db6207b401f143077131b564bee756d5182cca",
                "shasum": ""
            },
            "require": {
                "php": ">=5.3.3"
            },
            "suggest": {
                "ext-intl": ">=5.3.3"
            },
            "time": "1349553479",
            "type": "library",
            "extra": {
                "branch-alias": {
                    "dev-master": "2.2-dev"
                }
            },
            "installation-source": "source",
            "autoload": {
                "psr-0": {
                    "Symfony\\Component\\Locale\\": ""
                },
                "classmap": [
                    "Symfony/Component/Locale/Resources/stubs"
                ]
            },
            "license": [
                "MIT"
            ],
            "authors": [
                {
                    "name": "Fabien Potencier",
                    "email": "fabien@symfony.com"
                },
                {
                    "name": "Symfony Community",
                    "homepage": "http://symfony.com/contributors"
                }
            ],
            "description": "Symfony Locale Component",
            "homepage": "http://symfony.com"
        },
        {
            "name": "symfony/options-resolver",
            "version": "dev-master",
            "target-dir": "Symfony/Component/OptionsResolver",
            "source": {
                "type": "git",
                "url": "https://github.com/symfony/OptionsResolver",
                "reference": "8e4b8082d321e936703f1cb406019efb136a1821"
            },
            "dist": {
                "type": "zip",
                "url": "https://github.com/symfony/OptionsResolver/zipball/8e4b8082d321e936703f1cb406019efb136a1821",
                "reference": "8e4b8082d321e936703f1cb406019efb136a1821",
                "shasum": ""
            },
            "require": {
                "php": ">=5.3.3"
            },
            "time": "1349553479",
            "type": "library",
            "extra": {
                "branch-alias": {
                    "dev-master": "2.2-dev"
                }
            },
            "installation-source": "source",
            "autoload": {
                "psr-0": {
                    "Symfony\\Component\\OptionsResolver\\": ""
                }
            },
            "license": [
                "MIT"
            ],
            "authors": [
                {
                    "name": "Fabien Potencier",
                    "email": "fabien@symfony.com"
                },
                {
                    "name": "Symfony Community",
                    "homepage": "http://symfony.com/contributors"
                }
            ],
            "description": "Symfony OptionsResolver Component",
            "homepage": "http://symfony.com",
            "keywords": [
                "configuration",
                "config",
                "options"
            ]
        },
        {
            "name": "symfony/routing",
            "version": "dev-master",
            "target-dir": "Symfony/Component/Routing",
            "source": {
                "type": "git",
                "url": "https://github.com/symfony/Routing",
                "reference": "441a97413c6f07748a2b4786b7524847b2ff619a"
            },
            "dist": {
                "type": "zip",
                "url": "https://github.com/symfony/Routing/zipball/441a97413c6f07748a2b4786b7524847b2ff619a",
                "reference": "441a97413c6f07748a2b4786b7524847b2ff619a",
                "shasum": ""
            },
            "require": {
                "php": ">=5.3.3"
            },
            "require-dev": {
                "doctrine/common": ">=2.2,<2.4-dev",
                "symfony/config": "2.2.*",
                "symfony/yaml": "2.2.*",
                "symfony/http-kernel": "2.2.*"
            },
            "suggest": {
                "doctrine/common": ">=2.2,<2.4-dev",
                "symfony/config": "2.2.*",
                "symfony/yaml": "2.2.*"
            },
            "time": "1349553479",
            "type": "library",
            "extra": {
                "branch-alias": {
                    "dev-master": "2.2-dev"
                }
            },
            "installation-source": "source",
            "autoload": {
                "psr-0": {
                    "Symfony\\Component\\Routing\\": ""
                }
            },
            "license": [
                "MIT"
            ],
            "authors": [
                {
                    "name": "Fabien Potencier",
                    "email": "fabien@symfony.com"
                },
                {
                    "name": "Symfony Community",
                    "homepage": "http://symfony.com/contributors"
                }
            ],
            "description": "Symfony Routing Component",
            "homepage": "http://symfony.com"
        },
        {
            "name": "symfony/templating",
            "version": "dev-master",
            "target-dir": "Symfony/Component/Templating",
            "source": {
                "type": "git",
                "url": "https://github.com/symfony/Templating",
                "reference": "08987b91f1d224d5fa96e8acc6eccc8b44f9a708"
            },
            "dist": {
                "type": "zip",
                "url": "https://github.com/symfony/Templating/zipball/08987b91f1d224d5fa96e8acc6eccc8b44f9a708",
                "reference": "08987b91f1d224d5fa96e8acc6eccc8b44f9a708",
                "shasum": ""
            },
            "require": {
                "php": ">=5.3.3"
            },
            "time": "1349553479",
            "type": "library",
            "extra": {
                "branch-alias": {
                    "dev-master": "2.2-dev"
                }
            },
            "installation-source": "source",
            "autoload": {
                "psr-0": {
                    "Symfony\\Component\\Templating\\": ""
                }
            },
            "license": [
                "MIT"
            ],
            "authors": [
                {
                    "name": "Fabien Potencier",
                    "email": "fabien@symfony.com"
                },
                {
                    "name": "Symfony Community",
                    "homepage": "http://symfony.com/contributors"
                }
            ],
            "description": "Symfony Templating Component",
            "homepage": "http://symfony.com"
        },
        {
            "name": "symfony/translation",
            "version": "dev-master",
            "target-dir": "Symfony/Component/Translation",
            "source": {
                "type": "git",
                "url": "https://github.com/symfony/Translation",
                "reference": "c6568acc774cb51ba6afb4f77869548d22c1810b"
            },
            "dist": {
                "type": "zip",
                "url": "https://github.com/symfony/Translation/zipball/c6568acc774cb51ba6afb4f77869548d22c1810b",
                "reference": "c6568acc774cb51ba6afb4f77869548d22c1810b",
                "shasum": ""
            },
            "require": {
                "php": ">=5.3.3"
            },
            "require-dev": {
                "symfony/config": "2.2.*",
                "symfony/yaml": "2.2.*"
            },
            "suggest": {
                "symfony/config": "2.2.*",
                "symfony/yaml": "2.2.*"
            },
            "time": "1349553479",
            "type": "library",
            "extra": {
                "branch-alias": {
                    "dev-master": "2.2-dev"
                }
            },
            "installation-source": "source",
            "autoload": {
                "psr-0": {
                    "Symfony\\Component\\Translation\\": ""
                }
            },
            "license": [
                "MIT"
            ],
            "authors": [
                {
                    "name": "Fabien Potencier",
                    "email": "fabien@symfony.com"
                },
                {
                    "name": "Symfony Community",
                    "homepage": "http://symfony.com/contributors"
                }
            ],
            "description": "Symfony Translation Component",
            "homepage": "http://symfony.com"
        }
    ],
    "packages-dev": null,
    "aliases": [

    ],
    "minimum-stability": "dev",
    "stability-flags": {
        "symfony/framework-bundle": 20,
        "symfony/form": 20
    }
}
